
Microsoft Visual Studio Solution File, Format Version 12.00
# Visual Studio 15
VisualStudioVersion = 15.0.28307.1145
MinimumVisualStudioVersion = 10.0.40219.1
Project("{FAE04EC0-301F-11D3-BF4B-00C04F79EFBC}") = "Test_Dapper", "Test_Dapper\Test_Dapper.csproj", "{7FB942F0-954E-453E-886B-6265B11EA2C2}"
EndProject
Global
	GlobalSection(SolutionConfigurationPlatforms) = preSolution
		Debug|Any CPU = Debug|Any CPU
		Release|Any CPU = Release|Any CPU
	EndGlobalSection
	GlobalSection(ProjectConfigurationPlatforms) = postSolution
		{7FB942F0-954E-453E-886B-6265B11EA2C2}.Debug|Any CPU.ActiveCfg = Debug|Any CPU
		{7FB942F0-954E-453E-886B-6265B11EA2C2}.Debug|Any CPU.Build.0 = Debug|Any CPU
		{7FB942F0-954E-453E-886B-6265B11EA2C2}.Release|Any CPU.ActiveCfg = Release|Any CPU
		{7FB942F0-954E-453E-886B-6265B11EA2C2}.Release|Any CPU.Build.0 = Release|Any CPU
	EndGlobalSection
	GlobalSection(SolutionProperties) = preSolution
		HideSolutionNode = FALSE
	EndGlobalSection
	GlobalSection(ExtensibilityGlobals) = postSolution
		SolutionGuid = {EEE267B6-73BE-48BD-BFEC-98258D821F0C}
	EndGlobalSection
EndGlobal
